
Microsoft Visual Studio Solution File, Format Version 12.00
# Visual Studio 15
Project("{FAE04EC0-301F-11D3-BF4B-00C04F79EFBC}") = "OnboardingApp.Android", "OnboardingApp.Android\OnboardingApp.Android.csproj", "{F67C7BA9-3138-4145-BA0A-CADDE9CDA0C9}"
EndProject
Project("{FAE04EC0-301F-11D3-BF4B-00C04F79EFBC}") = "OnboardingApp.iOS", "OnboardingApp.iOS\OnboardingApp.iOS.csproj", "{9B075932-1508-4114-9DF4-12C132C359E4}"
EndProject
Project("{FAE04EC0-301F-11D3-BF4B-00C04F79EFBC}") = "OnboardingApp", "OnboardingApp\OnboardingApp.csproj", "{21066A6D-0244-47FD-A63E-0A5AE265F079}"
EndProject
Global
	GlobalSection(SolutionConfigurationPlatforms) = preSolution
		Debug|Any CPU = Debug|Any CPU
		Release|Any CPU = Release|Any CPU
		Debug|iPhoneSimulator = Debug|iPhoneSimulator
		Release|iPhoneSimulator = Release|iPhoneSimulator
		Debug|iPhone = Debug|iPhone
		Release|iPhone = Release|iPhone
	EndGlobalSection
	GlobalSection(ProjectConfigurationPlatforms) = postSolution
		{F67C7BA9-3138-4145-BA0A-CADDE9CDA0C9}.Debug|Any CPU.ActiveCfg = Debug|Any CPU
		{F67C7BA9-3138-4145-BA0A-CADDE9CDA0C9}.Debug|Any CPU.Build.0 = Debug|Any CPU
		{F67C7BA9-3138-4145-BA0A-CADDE9CDA0C9}.Release|Any CPU.ActiveCfg = Release|Any CPU
		{F67C7BA9-3138-4145-BA0A-CADDE9CDA0C9}.Release|Any CPU.Build.0 = Release|Any CPU
		{F67C7BA9-3138-4145-BA0A-CADDE9CDA0C9}.Debug|iPhoneSimulator.ActiveCfg = Debug|Any CPU
		{F67C7BA9-3138-4145-BA0A-CADDE9CDA0C9}.Debug|iPhoneSimulator.Build.0 = Debug|Any CPU
		{F67C7BA9-3138-4145-BA0A-CADDE9CDA0C9}.Release|iPhoneSimulator.ActiveCfg = Release|Any CPU
		{F67C7BA9-3138-4145-BA0A-CADDE9CDA0C9}.Release|iPhoneSimulator.Build.0 = Release|Any CPU
		{F67C7BA9-3138-4145-BA0A-CADDE9CDA0C9}.Debug|iPhone.ActiveCfg = Debug|Any CPU
		{F67C7BA9-3138-4145-BA0A-CADDE9CDA0C9}.Debug|iPhone.Build.0 = Debug|Any CPU
		{F67C7BA9-3138-4145-BA0A-CADDE9CDA0C9}.Release|iPhone.ActiveCfg = Release|Any CPU
		{F67C7BA9-3138-4145-BA0A-CADDE9CDA0C9}.Release|iPhone.Build.0 = Release|Any CPU
		{9B075932-1508-4114-9DF4-12C132C359E4}.Debug|Any CPU.ActiveCfg = Debug|iPhoneSimulator
		{9B075932-1508-4114-9DF4-12C132C359E4}.Debug|Any CPU.Build.0 = Debug|iPhoneSimulator
		{9B075932-1508-4114-9DF4-12C132C359E4}.Release|Any CPU.ActiveCfg = Release|iPhoneSimulator
		{9B075932-1508-4114-9DF4-12C132C359E4}.Release|Any CPU.Build.0 = Release|iPhoneSimulator
		{9B075932-1508-4114-9DF4-12C132C359E4}.Debug|iPhoneSimulator.ActiveCfg = Debug|iPhoneSimulator
		{9B075932-1508-4114-9DF4-12C132C359E4}.Debug|iPhoneSimulator.Build.0 = Debug|iPhoneSimulator
		{9B075932-1508-4114-9DF4-12C132C359E4}.Release|iPhoneSimulator.ActiveCfg = Release|iPhoneSimulator
		{9B075932-1508-4114-9DF4-12C132C359E4}.Release|iPhoneSimulator.Build.0 = Release|iPhoneSimulator
		{9B075932-1508-4114-9DF4-12C132C359E4}.Debug|iPhone.ActiveCfg = Debug|iPhone
		{9B075932-1508-4114-9DF4-12C132C359E4}.Debug|iPhone.Build.0 = Debug|iPhone
		{9B075932-1508-4114-9DF4-12C132C359E4}.Release|iPhone.ActiveCfg = Release|iPhone
		{9B075932-1508-4114-9DF4-12C132C359E4}.Release|iPhone.Build.0 = Release|iPhone
		{21066A6D-0244-47FD-A63E-0A5AE265F079}.Debug|Any CPU.ActiveCfg = Debug|Any CPU
		{21066A6D-0244-47FD-A63E-0A5AE265F079}.Debug|Any CPU.Build.0 = Debug|Any CPU
		{21066A6D-0244-47FD-A63E-0A5AE265F079}.Release|Any CPU.ActiveCfg = Release|Any CPU
		{21066A6D-0244-47FD-A63E-0A5AE265F079}.Release|Any CPU.Build.0 = Release|Any CPU
		{21066A6D-0244-47FD-A63E-0A5AE265F079}.Debug|iPhoneSimulator.ActiveCfg = Debug|Any CPU
		{21066A6D-0244-47FD-A63E-0A5AE265F079}.Debug|iPhoneSimulator.Build.0 = Debug|Any CPU
		{21066A6D-0244-47FD-A63E-0A5AE265F079}.Release|iPhoneSimulator.ActiveCfg = Release|Any CPU
		{21066A6D-0244-47FD-A63E-0A5AE265F079}.Release|iPhoneSimulator.Build.0 = Release|Any CPU
		{21066A6D-0244-47FD-A63E-0A5AE265F079}.Debug|iPhone.ActiveCfg = Debug|Any CPU
		{21066A6D-0244-47FD-A63E-0A5AE265F079}.Debug|iPhone.Build.0 = Debug|Any CPU
		{21066A6D-0244-47FD-A63E-0A5AE265F079}.Release|iPhone.ActiveCfg = Release|Any CPU
		{21066A6D-0244-47FD-A63E-0A5AE265F079}.Release|iPhone.Build.0 = Release|Any CPU
	EndGlobalSection
EndGlobal
